
Microsoft Visual Studio Solution File, Format Version 12.00
# Visual Studio Version 17
VisualStudioVersion = 17.5.002.0
MinimumVisualStudioVersion = 10.0.40219.1
Project("{9A19103F-16F7-4668-BE54-9A1E7A4F7556}") = "RS485", "RS485.csproj", "{79F3723E-6907-4C86-980B-A87E2B921E7B}"
EndProject
Global
	GlobalSection(SolutionConfigurationPlatforms) = preSolution
		Debug|Any CPU = Debug|Any CPU
		Release|Any CPU = Release|Any CPU
	EndGlobalSection
	GlobalSection(ProjectConfigurationPlatforms) = postSolution
		{79F3723E-6907-4C86-980B-A87E2B921E7B}.Debug|Any CPU.ActiveCfg = Debug|Any CPU
		{79F3723E-6907-4C86-980B-A87E2B921E7B}.Debug|Any CPU.Build.0 = Debug|Any CPU
		{79F3723E-6907-4C86-980B-A87E2B921E7B}.Release|Any CPU.ActiveCfg = Release|Any CPU
		{79F3723E-6907-4C86-980B-A87E2B921E7B}.Release|Any CPU.Build.0 = Release|Any CPU
	EndGlobalSection
	GlobalSection(SolutionProperties) = preSolution
		HideSolutionNode = FALSE
	EndGlobalSection
	GlobalSection(ExtensibilityGlobals) = postSolution
		SolutionGuid = {2123F9E0-6096-4426-AE5C-8D96A1BB79AC}
	EndGlobalSection
EndGlobal
